
Microsoft Visual Studio Solution File, Format Version 10.00
# Visual Studio 2008
Project("{FAE04EC0-301F-11D3-BF4B-00C04F79EFBC}") = "ArmRegistrator", "ArmRegistrator\ArmRegistrator.csproj", "{565BB1CA-7A74-4533-B944-146CF3844101}"
EndProject
Global
	GlobalSection(SolutionConfigurationPlatforms) = preSolution
		Debug|Any CPU = Debug|Any CPU
		Release|Any CPU = Release|Any CPU
	EndGlobalSection
	GlobalSection(ProjectConfigurationPlatforms) = postSolution
		{565BB1CA-7A74-4533-B944-146CF3844101}.Debug|Any CPU.ActiveCfg = Debug|Any CPU
		{565BB1CA-7A74-4533-B944-146CF3844101}.Debug|Any CPU.Build.0 = Debug|Any CPU
		{565BB1CA-7A74-4533-B944-146CF3844101}.Release|Any CPU.ActiveCfg = Release|Any CPU
		{565BB1CA-7A74-4533-B944-146CF3844101}.Release|Any CPU.Build.0 = Release|Any CPU
	EndGlobalSection
	GlobalSection(SolutionProperties) = preSolution
		HideSolutionNode = FALSE
	EndGlobalSection
EndGlobal
